
Microsoft Visual Studio Solution File, Format Version 12.00
# Visual Studio Version 17
VisualStudioVersion = 17.13.35825.156 d17.13
MinimumVisualStudioVersion = 10.0.40219.1
Project("{FAE04EC0-301F-11D3-BF4B-00C04F79EFBC}") = "SimpleFormsAppWithListBox", "SimpleFormsAppWithListBox\SimpleFormsAppWithListBox.csproj", "{0EE46EB6-A59D-40A3-97AE-4C7F371C38EF}"
EndProject
Global
	GlobalSection(SolutionConfigurationPlatforms) = preSolution
		Debug|Any CPU = Debug|Any CPU
		Release|Any CPU = Release|Any CPU
	EndGlobalSection
	GlobalSection(ProjectConfigurationPlatforms) = postSolution
		{0EE46EB6-A59D-40A3-97AE-4C7F371C38EF}.Debug|Any CPU.ActiveCfg = Debug|Any CPU
		{0EE46EB6-A59D-40A3-97AE-4C7F371C38EF}.Debug|Any CPU.Build.0 = Debug|Any CPU
		{0EE46EB6-A59D-40A3-97AE-4C7F371C38EF}.Release|Any CPU.ActiveCfg = Release|Any CPU
		{0EE46EB6-A59D-40A3-97AE-4C7F371C38EF}.Release|Any CPU.Build.0 = Release|Any CPU
	EndGlobalSection
	GlobalSection(SolutionProperties) = preSolution
		HideSolutionNode = FALSE
	EndGlobalSection
	GlobalSection(ExtensibilityGlobals) = postSolution
		SolutionGuid = {C67C04E3-D7D5-4488-8499-69AF4EB55E30}
	EndGlobalSection
EndGlobal
